
Microsoft Visual Studio Solution File, Format Version 12.00
# Visual Studio Version 17
VisualStudioVersion = 17.7.34221.43
MinimumVisualStudioVersion = 10.0.40219.1
Project("{9A19103F-16F7-4668-BE54-9A1E7A4F7556}") = "consoleProject", "consoleProject\consoleProject.csproj", "{B370C7C5-51B2-436D-91DE-DF8F609EFADD}"
EndProject
Project("{FAE04EC0-301F-11D3-BF4B-00C04F79EFBC}") = "GenerateTask", "GenerateTask\GenerateTask.csproj", "{B2A41001-1EB8-4497-886B-A62B51160B26}"
EndProject
Project("{FAE04EC0-301F-11D3-BF4B-00C04F79EFBC}") = "CalendarTask", "CalendarTask\CalendarTask.csproj", "{B4B1D545-AB86-482B-B273-156224AE0924}"
EndProject
Project("{FAE04EC0-301F-11D3-BF4B-00C04F79EFBC}") = "GameTask", "GameTask\GameTask.csproj", "{7EFC3E99-9B6A-467B-A7A4-097630F96049}"
EndProject
Global
	GlobalSection(SolutionConfigurationPlatforms) = preSolution
		Debug|Any CPU = Debug|Any CPU
		Release|Any CPU = Release|Any CPU
	EndGlobalSection
	GlobalSection(ProjectConfigurationPlatforms) = postSolution
		{B370C7C5-51B2-436D-91DE-DF8F609EFADD}.Debug|Any CPU.ActiveCfg = Debug|Any CPU
		{B370C7C5-51B2-436D-91DE-DF8F609EFADD}.Debug|Any CPU.Build.0 = Debug|Any CPU
		{B370C7C5-51B2-436D-91DE-DF8F609EFADD}.Release|Any CPU.ActiveCfg = Release|Any CPU
		{B370C7C5-51B2-436D-91DE-DF8F609EFADD}.Release|Any CPU.Build.0 = Release|Any CPU
		{B2A41001-1EB8-4497-886B-A62B51160B26}.Debug|Any CPU.ActiveCfg = Debug|Any CPU
		{B2A41001-1EB8-4497-886B-A62B51160B26}.Debug|Any CPU.Build.0 = Debug|Any CPU
		{B2A41001-1EB8-4497-886B-A62B51160B26}.Release|Any CPU.ActiveCfg = Release|Any CPU
		{B2A41001-1EB8-4497-886B-A62B51160B26}.Release|Any CPU.Build.0 = Release|Any CPU
		{B4B1D545-AB86-482B-B273-156224AE0924}.Debug|Any CPU.ActiveCfg = Debug|Any CPU
		{B4B1D545-AB86-482B-B273-156224AE0924}.Debug|Any CPU.Build.0 = Debug|Any CPU
		{B4B1D545-AB86-482B-B273-156224AE0924}.Release|Any CPU.ActiveCfg = Release|Any CPU
		{B4B1D545-AB86-482B-B273-156224AE0924}.Release|Any CPU.Build.0 = Release|Any CPU
		{7EFC3E99-9B6A-467B-A7A4-097630F96049}.Debug|Any CPU.ActiveCfg = Debug|Any CPU
		{7EFC3E99-9B6A-467B-A7A4-097630F96049}.Debug|Any CPU.Build.0 = Debug|Any CPU
		{7EFC3E99-9B6A-467B-A7A4-097630F96049}.Release|Any CPU.ActiveCfg = Release|Any CPU
		{7EFC3E99-9B6A-467B-A7A4-097630F96049}.Release|Any CPU.Build.0 = Release|Any CPU
	EndGlobalSection
	GlobalSection(SolutionProperties) = preSolution
		HideSolutionNode = FALSE
	EndGlobalSection
	GlobalSection(ExtensibilityGlobals) = postSolution
		SolutionGuid = {4A30A6F5-5DDD-481D-B3AC-5F59083CA8B0}
	EndGlobalSection
EndGlobal
